
Microsoft Visual Studio Solution File, Format Version 11.00
# Visual Studio 2010
Project("{FAE04EC0-301F-11D3-BF4B-00C04F79EFBC}") = "ImageProcessing", "ImageProcessing.csproj", "{11F1A0F6-61A4-47D9-8F84-A78D318C1004}"
EndProject
Global
	GlobalSection(SolutionConfigurationPlatforms) = preSolution
		Debug|x86 = Debug|x86
		Release|x86 = Release|x86
	EndGlobalSection
	GlobalSection(ProjectConfigurationPlatforms) = postSolution
		{11F1A0F6-61A4-47D9-8F84-A78D318C1004}.Debug|x86.ActiveCfg = Debug|x86
		{11F1A0F6-61A4-47D9-8F84-A78D318C1004}.Debug|x86.Build.0 = Debug|x86
		{11F1A0F6-61A4-47D9-8F84-A78D318C1004}.Release|x86.ActiveCfg = Release|x86
		{11F1A0F6-61A4-47D9-8F84-A78D318C1004}.Release|x86.Build.0 = Release|x86
	EndGlobalSection
	GlobalSection(SolutionProperties) = preSolution
		HideSolutionNode = FALSE
	EndGlobalSection
EndGlobal
